
Microsoft Visual Studio Solution File, Format Version 12.00
# Visual Studio Version 17
VisualStudioVersion = 17.9.34902.65
MinimumVisualStudioVersion = 10.0.40219.1
Project("{8BC9CEB8-8B4A-11D0-8D11-00A0C91BC942}") = "Queue", "Queue.vcxproj", "{CBC79284-9C5B-4EA0-8E69-579CF62A215F}"
EndProject
Global
	GlobalSection(SolutionConfigurationPlatforms) = preSolution
		Debug|x64 = Debug|x64
		Debug|x86 = Debug|x86
		Release|x64 = Release|x64
		Release|x86 = Release|x86
	EndGlobalSection
	GlobalSection(ProjectConfigurationPlatforms) = postSolution
		{CBC79284-9C5B-4EA0-8E69-579CF62A215F}.Debug|x64.ActiveCfg = Debug|x64
		{CBC79284-9C5B-4EA0-8E69-579CF62A215F}.Debug|x64.Build.0 = Debug|x64
		{CBC79284-9C5B-4EA0-8E69-579CF62A215F}.Debug|x86.ActiveCfg = Debug|Win32
		{CBC79284-9C5B-4EA0-8E69-579CF62A215F}.Debug|x86.Build.0 = Debug|Win32
		{CBC79284-9C5B-4EA0-8E69-579CF62A215F}.Release|x64.ActiveCfg = Release|x64
		{CBC79284-9C5B-4EA0-8E69-579CF62A215F}.Release|x64.Build.0 = Release|x64
		{CBC79284-9C5B-4EA0-8E69-579CF62A215F}.Release|x86.ActiveCfg = Release|Win32
		{CBC79284-9C5B-4EA0-8E69-579CF62A215F}.Release|x86.Build.0 = Release|Win32
	EndGlobalSection
	GlobalSection(SolutionProperties) = preSolution
		HideSolutionNode = FALSE
	EndGlobalSection
	GlobalSection(ExtensibilityGlobals) = postSolution
		SolutionGuid = {2C679C02-E7F2-4E4E-BA41-D515B6B7EF5B}
	EndGlobalSection
EndGlobal
